// !$*UTF8*$!
{
	archiveVersion = 1;
	classes = {
	};
	objectVersion = 48;
	objects = {

/* Begin PBXBuildFile section */
		4DCAD63F60545F0B41DD663F /* Pods_flix_cloneTests.framework in Frameworks */ = {isa = PBXBuildFile; fileRef = 069FDD043D90E47E59D0D30F /* Pods_flix_cloneTests.framework */; };
		7045D42C20235040003EC54D /* NowPlayingViewController.swift in Sources */ = {isa = PBXBuildFile; fileRef = 7045D42B20235040003EC54D /* NowPlayingViewController.swift */; };
		70642E7E2021B2310089CEE4 /* AppDelegate.swift in Sources */ = {isa = PBXBuildFile; fileRef = 70642E7D2021B2310089CEE4 /* AppDelegate.swift */; };
		70642E832021B2310089CEE4 /* Main.storyboard in Resources */ = {isa = PBXBuildFile; fileRef = 70642E812021B2310089CEE4 /* Main.storyboard */; };
		70642E852021B2310089CEE4 /* Assets.xcassets in Resources */ = {isa = PBXBuildFile; fileRef = 70642E842021B2310089CEE4 /* Assets.xcassets */; };
		70642E882021B2310089CEE4 /* LaunchScreen.storyboard in Resources */ = {isa = PBXBuildFile; fileRef = 70642E862021B2310089CEE4 /* LaunchScreen.storyboard */; };
		70642E932021B2320089CEE4 /* flix_cloneTests.swift in Sources */ = {isa = PBXBuildFile; fileRef = 70642E922021B2320089CEE4 /* flix_cloneTests.swift */; };
		70642E9E2021B2320089CEE4 /* flix_cloneUITests.swift in Sources */ = {isa = PBXBuildFile; fileRef = 70642E9D2021B2320089CEE4 /* flix_cloneUITests.swift */; };
		709C83B02028D3FC00A10F51 /* MovieCell.swift in Sources */ = {isa = PBXBuildFile; fileRef = 709C83AF2028D3FC00A10F51 /* MovieCell.swift */; };
		72C9E6E57004509EE3C3E8A8 /* Pods_flix_clone.framework in Frameworks */ = {isa = PBXBuildFile; fileRef = C6C149F724BDA3D496951C29 /* Pods_flix_clone.framework */; };
		A5A37B80F61CA0B7CE7F82A2 /* Pods_flix_cloneUITests.framework in Frameworks */ = {isa = PBXBuildFile; fileRef = 4A0439B8523BFB2A9667A095 /* Pods_flix_cloneUITests.framework */; };
/* End PBXBuildFile section */

/* Begin PBXContainerItemProxy section */
		70642E8F2021B2320089CEE4 /* PBXContainerItemProxy */ = {
			isa = PBXContainerItemProxy;
			containerPortal = 70642E722021B2310089CEE4 /* Project object */;
			proxyType = 1;
			remoteGlobalIDString = 70642E792021B2310089CEE4;
			remoteInfo = flix_clone;
		};
		70642E9A2021B2320089CEE4 /* PBXContainerItemProxy */ = {
			isa = PBXContainerItemProxy;
			containerPortal = 70642E722021B2310089CEE4 /* Project object */;
			proxyType = 1;
			remoteGlobalIDString = 70642E792021B2310089CEE4;
			remoteInfo = flix_clone;
		};
/* End PBXContainerItemProxy section */

/* Begin PBXFileReference section */
		069FDD043D90E47E59D0D30F /* Pods_flix_cloneTests.framework */ = {isa = PBXFileReference; explicitFileType = wrapper.framework; includeInIndex = 0; path = Pods_flix_cloneTests.framework; sourceTree = BUILT_PRODUCTS_DIR; };
		4A0439B8523BFB2A9667A095 /* Pods_flix_cloneUITests.framework */ = {isa = PBXFileReference; explicitFileType = wrapper.framework; includeInIndex = 0; path = Pods_flix_cloneUITests.framework; sourceTree = BUILT_PRODUCTS_DIR; };
		7045D42B20235040003EC54D /* NowPlayingViewController.swift */ = {isa = PBXFileReference; lastKnownFileType = sourcecode.swift; path = NowPlayingViewController.swift; sourceTree = "<group>"; };
		70642E7A2021B2310089CEE4 /* flix_clone.app */ = {isa = PBXFileReference; explicitFileType = wrapper.application; includeInIndex = 0; path = flix_clone.app; sourceTree = BUILT_PRODUCTS_DIR; };
		70642E7D2021B2310089CEE4 /* AppDelegate.swift */ = {isa = PBXFileReference; lastKnownFileType = sourcecode.swift; path = AppDelegate.swift; sourceTree = "<group>"; };
		70642E822021B2310089CEE4 /* Base */ = {isa = PBXFileReference; lastKnownFileType = file.storyboard; name = Base; path = Base.lproj/Main.storyboard; sourceTree = "<group>"; };
		70642E842021B2310089CEE4 /* Assets.xcassets */ = {isa = PBXFileReference; lastKnownFileType = folder.assetcatalog; path = Assets.xcassets; sourceTree = "<group>"; };
		70642E872021B2310089CEE4 /* Base */ = {isa = PBXFileReference; lastKnownFileType = file.storyboard; name = Base; path = Base.lproj/LaunchScreen.storyboard; sourceTree = "<group>"; };
		70642E892021B2310089CEE4 /* Info.plist */ = {isa = PBXFileReference; lastKnownFileType = text.plist.xml; path = Info.plist; sourceTree = "<group>"; };
		70642E8E2021B2320089CEE4 /* flix_cloneTests.xctest */ = {isa = PBXFileReference; explicitFileType = wrapper.cfbundle; includeInIndex = 0; path = flix_cloneTests.xctest; sourceTree = BUILT_PRODUCTS_DIR; };
		70642E922021B2320089CEE4 /* flix_cloneTests.swift */ = {isa = PBXFileReference; lastKnownFileType = sourcecode.swift; path = flix_cloneTests.swift; sourceTree = "<group>"; };
		70642E942021B2320089CEE4 /* Info.plist */ = {isa = PBXFileReference; lastKnownFileType = text.plist.xml; path = Info.plist; sourceTree = "<group>"; };
		70642E992021B2320089CEE4 /* flix_cloneUITests.xctest */ = {isa = PBXFileReference; explicitFileType = wrapper.cfbundle; includeInIndex = 0; path = flix_cloneUITests.xctest; sourceTree = BUILT_PRODUCTS_DIR; };
		70642E9D2021B2320089CEE4 /* flix_cloneUITests.swift */ = {isa = PBXFileReference; lastKnownFileType = sourcecode.swift; path = flix_cloneUITests.swift; sourceTree = "<group>"; };
		70642E9F2021B2330089CEE4 /* Info.plist */ = {isa = PBXFileReference; lastKnownFileType = text.plist.xml; path = Info.plist; sourceTree = "<group>"; };
		709C83AF2028D3FC00A10F51 /* MovieCell.swift */ = {isa = PBXFileReference; lastKnownFileType = sourcecode.swift; path = MovieCell.swift; sourceTree = "<group>"; };
		891A42BD9A20C336C266E1A7 /* Pods-flix_clone.debug.xcconfig */ = {isa = PBXFileReference; includeInIndex = 1; lastKnownFileType = text.xcconfig; name = "Pods-flix_clone.debug.xcconfig"; path = "Pods/Target Support Files/Pods-flix_clone/Pods-flix_clone.debug.xcconfig"; sourceTree = "<group>"; };
		9B13228307A683DA1938D48A /* Pods-flix_cloneUITests.debug.xcconfig */ = {isa = PBXFileReference; includeInIndex = 1; lastKnownFileType = text.xcconfig; name = "Pods-flix_cloneUITests.debug.xcconfig"; path = "Pods/Target Support Files/Pods-flix_cloneUITests/Pods-flix_cloneUITests.debug.xcconfig"; sourceTree = "<group>"; };
		C00A53A74EAA90256909BC62 /* Pods-flix_cloneTests.release.xcconfig */ = {isa = PBXFileReference; includeInIndex = 1; lastKnownFileType = text.xcconfig; name = "Pods-flix_cloneTests.release.xcconfig"; path = "Pods/Target Support Files/Pods-flix_cloneTests/Pods-flix_cloneTests.release.xcconfig"; sourceTree = "<group>"; };
		C1517415E7541664477C8B78 /* Pods-flix_cloneTests.debug.xcconfig */ = {isa = PBXFileReference; includeInIndex = 1; lastKnownFileType = text.xcconfig; name = "Pods-flix_cloneTests.debug.xcconfig"; path = "Pods/Target Support Files/Pods-flix_cloneTests/Pods-flix_cloneTests.debug.xcconfig"; sourceTree = "<group>"; };
		C6C149F724BDA3D496951C29 /* Pods_flix_clone.framework */ = {isa = PBXFileReference; explicitFileType = wrapper.framework; includeInIndex = 0; path = Pods_flix_clone.framework; sourceTree = BUILT_PRODUCTS_DIR; };
		D728438971B66ED63932BB65 /* Pods-flix_cloneUITests.release.xcconfig */ = {isa = PBXFileReference; includeInIndex = 1; lastKnownFileType = text.xcconfig; name = "Pods-flix_cloneUITests.release.xcconfig"; path = "Pods/Target Support Files/Pods-flix_cloneUITests/Pods-flix_cloneUITests.release.xcconfig"; sourceTree = "<group>"; };
		D86D8B21094A3C708EF0E186 /* Pods-flix_clone.release.xcconfig */ = {isa = PBXFileReference; includeInIndex = 1; lastKnownFileType = text.xcconfig; name = "Pods-flix_clone.release.xcconfig"; path = "Pods/Target Support Files/Pods-flix_clone/Pods-flix_clone.release.xcconfig"; sourceTree = "<group>"; };
/* End PBXFileReference section */

/* Begin PBXFrameworksBuildPhase section */
		70642E772021B2310089CEE4 /* Frameworks */ = {
			isa = PBXFrameworksBuildPhase;
			buildActionMask = 2147483647;
			files = (
				72C9E6E57004509EE3C3E8A8 /* Pods_flix_clone.framework in Frameworks */,
			);
			runOnlyForDeploymentPostprocessing = 0;
		};
		70642E8B2021B2320089CEE4 /* Frameworks */ = {
			isa = PBXFrameworksBuildPhase;
			buildActionMask = 2147483647;
			files = (
				4DCAD63F60545F0B41DD663F /* Pods_flix_cloneTests.framework in Frameworks */,
			);
			runOnlyForDeploymentPostprocessing = 0;
		};
		70642E962021B2320089CEE4 /* Frameworks */ = {
			isa = PBXFrameworksBuildPhase;
			buildActionMask = 2147483647;
			files = (
				A5A37B80F61CA0B7CE7F82A2 /* Pods_flix_cloneUITests.framework in Frameworks */,
			);
			runOnlyForDeploymentPostprocessing = 0;
		};
/* End PBXFrameworksBuildPhase section */

/* Begin PBXGroup section */
		379B47EE5A37117FD7D7BF20 /* Frameworks */ = {
			isa = PBXGroup;
			children = (
				C6C149F724BDA3D496951C29 /* Pods_flix_clone.framework */,
				069FDD043D90E47E59D0D30F /* Pods_flix_cloneTests.framework */,
				4A0439B8523BFB2A9667A095 /* Pods_flix_cloneUITests.framework */,
			);
			name = Frameworks;
			sourceTree = "<group>";
		};
		70642E712021B2310089CEE4 = {
			isa = PBXGroup;
			children = (
				70642E7C2021B2310089CEE4 /* flix_clone */,
				70642E912021B2320089CEE4 /* flix_cloneTests */,
				70642E9C2021B2320089CEE4 /* flix_cloneUITests */,
				70642E7B2021B2310089CEE4 /* Products */,
				F053EAE017D679E330BB6085 /* Pods */,
				379B47EE5A37117FD7D7BF20 /* Frameworks */,
			);
			sourceTree = "<group>";
		};
		70642E7B2021B2310089CEE4 /* Products */ = {
			isa = PBXGroup;
			children = (
				70642E7A2021B2310089CEE4 /* flix_clone.app */,
				70642E8E2021B2320089CEE4 /* flix_cloneTests.xctest */,
				70642E992021B2320089CEE4 /* flix_cloneUITests.xctest */,
			);
			name = Products;
			sourceTree = "<group>";
		};
		70642E7C2021B2310089CEE4 /* flix_clone */ = {
			isa = PBXGroup;
			children = (
				7045D42B20235040003EC54D /* NowPlayingViewController.swift */,
				70642E7D2021B2310089CEE4 /* AppDelegate.swift */,
				70642E812021B2310089CEE4 /* Main.storyboard */,
				70642E842021B2310089CEE4 /* Assets.xcassets */,
				70642E862021B2310089CEE4 /* LaunchScreen.storyboard */,
				70642E892021B2310089CEE4 /* Info.plist */,
				709C83AF2028D3FC00A10F51 /* MovieCell.swift */,
			);
			path = flix_clone;
			sourceTree = "<group>";
		};
		70642E912021B2320089CEE4 /* flix_cloneTests */ = {
			isa = PBXGroup;
			children = (
				70642E922021B2320089CEE4 /* flix_cloneTests.swift */,
				70642E942021B2320089CEE4 /* Info.plist */,
			);
			path = flix_cloneTests;
			sourceTree = "<group>";
		};
		70642E9C2021B2320089CEE4 /* flix_cloneUITests */ = {
			isa = PBXGroup;
			children = (
				70642E9D2021B2320089CEE4 /* flix_cloneUITests.swift */,
				70642E9F2021B2330089CEE4 /* Info.plist */,
			);
			path = flix_cloneUITests;
			sourceTree = "<group>";
		};
		F053EAE017D679E330BB6085 /* Pods */ = {
			isa = PBXGroup;
			children = (
				891A42BD9A20C336C266E1A7 /* Pods-flix_clone.debug.xcconfig */,
				D86D8B21094A3C708EF0E186 /* Pods-flix_clone.release.xcconfig */,
				C1517415E7541664477C8B78 /* Pods-flix_cloneTests.debug.xcconfig */,
				C00A53A74EAA90256909BC62 /* Pods-flix_cloneTests.release.xcconfig */,
				9B13228307A683DA1938D48A /* Pods-flix_cloneUITests.debug.xcconfig */,
				D728438971B66ED63932BB65 /* Pods-flix_cloneUITests.release.xcconfig */,
			);
			name = Pods;
			sourceTree = "<group>";
		};
/* End PBXGroup section */

/* Begin PBXNativeTarget section */
		70642E792021B2310089CEE4 /* flix_clone */ = {
			isa = PBXNativeTarget;
			buildConfigurationList = 70642EA22021B2330089CEE4 /* Build configuration list for PBXNativeTarget "flix_clone" */;
			buildPhases = (
				21D1752E401827B82040406A /* [CP] Check Pods Manifest.lock */,
				70642E762021B2310089CEE4 /* Sources */,
				70642E772021B2310089CEE4 /* Frameworks */,
				70642E782021B2310089CEE4 /* Resources */,
				15B33A98DB82169F1297E7FB /* [CP] Embed Pods Frameworks */,
				FB79F1A1FF8D38A9C8FEC3DB /* [CP] Copy Pods Resources */,
			);
			buildRules = (
			);
			dependencies = (
			);
			name = flix_clone;
			productName = flix_clone;
			productReference = 70642E7A2021B2310089CEE4 /* flix_clone.app */;
			productType = "com.apple.product-type.application";
		};
		70642E8D2021B2320089CEE4 /* flix_cloneTests */ = {
			isa = PBXNativeTarget;
			buildConfigurationList = 70642EA52021B2330089CEE4 /* Build configuration list for PBXNativeTarget "flix_cloneTests" */;
			buildPhases = (
				D84F9FED23B935F1F1F501DF /* [CP] Check Pods Manifest.lock */,
				70642E8A2021B2320089CEE4 /* Sources */,
				70642E8B2021B2320089CEE4 /* Frameworks */,
				70642E8C2021B2320089CEE4 /* Resources */,
				0DB1E12A614EC41A925F52A3 /* [CP] Embed Pods Frameworks */,
				691F85159E8D899DACC7EFB6 /* [CP] Copy Pods Resources */,
			);
			buildRules = (
			);
			dependencies = (
				70642E902021B2320089CEE4 /* PBXTargetDependency */,
			);
			name = flix_cloneTests;
			productName = flix_cloneTests;
			productReference = 70642E8E2021B2320089CEE4 /* flix_cloneTests.xctest */;
			productType = "com.apple.product-type.bundle.unit-test";
		};
		70642E982021B2320089CEE4 /* flix_cloneUITests */ = {
			isa = PBXNativeTarget;
			buildConfigurationList = 70642EA82021B2330089CEE4 /* Build configuration list for PBXNativeTarget "flix_cloneUITests" */;
			buildPhases = (
				0D80A081D75AB02DA16CB259 /* [CP] Check Pods Manifest.lock */,
				70642E952021B2320089CEE4 /* Sources */,
				70642E962021B2320089CEE4 /* Frameworks */,
				70642E972021B2320089CEE4 /* Resources */,
				244BF8D02C00641461BF742F /* [CP] Embed Pods Frameworks */,
				1EE4209A51170E245E20568A /* [CP] Copy Pods Resources */,
			);
			buildRules = (
			);
			dependencies = (
				70642E9B2021B2320089CEE4 /* PBXTargetDependency */,
			);
			name = flix_cloneUITests;
			productName = flix_cloneUITests;
			productReference = 70642E992021B2320089CEE4 /* flix_cloneUITests.xctest */;
			productType = "com.apple.product-type.bundle.ui-testing";
		};
/* End PBXNativeTarget section */

/* Begin PBXProject section */
		70642E722021B2310089CEE4 /* Project object */ = {
			isa = PBXProject;
			attributes = {
				LastSwiftUpdateCheck = 0920;
				LastUpgradeCheck = 0920;
				ORGANIZATIONNAME = Guanxin;
				TargetAttributes = {
					70642E792021B2310089CEE4 = {
						CreatedOnToolsVersion = 9.2;
						ProvisioningStyle = Automatic;
					};
					70642E8D2021B2320089CEE4 = {
						CreatedOnToolsVersion = 9.2;
						ProvisioningStyle = Automatic;
						TestTargetID = 70642E792021B2310089CEE4;
					};
					70642E982021B2320089CEE4 = {
						CreatedOnToolsVersion = 9.2;
						ProvisioningStyle = Automatic;
						TestTargetID = 70642E792021B2310089CEE4;
					};
				};
			};
			buildConfigurationList = 70642E752021B2310089CEE4 /* Build configuration list for PBXProject "flix_clone" */;
			compatibilityVersion = "Xcode 8.0";
			developmentRegion = en;
			hasScannedForEncodings = 0;
			knownRegions = (
				en,
				Base,
			);
			mainGroup = 70642E712021B2310089CEE4;
			productRefGroup = 70642E7B2021B2310089CEE4 /* Products */;
			projectDirPath = "";
			projectRoot = "";
			targets = (
				70642E792021B2310089CEE4 /* flix_clone */,
				70642E8D2021B2320089CEE4 /* flix_cloneTests */,
				70642E982021B2320089CEE4 /* flix_cloneUITests */,
			);
		};
/* End PBXProject section */

/* Begin PBXResourcesBuildPhase section */
		70642E782021B2310089CEE4 /* Resources */ = {
			isa = PBXResourcesBuildPhase;
			buildActionMask = 2147483647;
			files = (
				70642E882021B2310089CEE4 /* LaunchScreen.storyboard in Resources */,
				70642E852021B2310089CEE4 /* Assets.xcassets in Resources */,
				70642E832021B2310089CEE4 /* Main.storyboard in Resources */,
			);
			runOnlyForDeploymentPostprocessing = 0;
		};
		70642E8C2021B2320089CEE4 /* Resources */ = {
			isa = PBXResourcesBuildPhase;
			buildActionMask = 2147483647;
			files = (
			);
			runOnlyForDeploymentPostprocessing = 0;
		};
		70642E972021B2320089CEE4 /* Resources */ = {
			isa = PBXResourcesBuildPhase;
			buildActionMask = 2147483647;
			files = (
			);
			runOnlyForDeploymentPostprocessing = 0;
		};
/* End PBXResourcesBuildPhase section */

/* Begin PBXShellScriptBuildPhase section */
		0D80A081D75AB02DA16CB259 /* [CP] Check Pods Manifest.lock */ = {
			isa = PBXShellScriptBuildPhase;
			buildActionMask = 2147483647;
			files = (
			);
			inputPaths = (
				"${PODS_PODFILE_DIR_PATH}/Podfile.lock",
				"${PODS_ROOT}/Manifest.lock",
			);
			name = "[CP] Check Pods Manifest.lock";
			outputPaths = (
				"$(DERIVED_FILE_DIR)/Pods-flix_cloneUITests-checkManifestLockResult.txt",
			);
			runOnlyForDeploymentPostprocessing = 0;
			shellPath = /bin/sh;
			shellScript = "diff \"${PODS_PODFILE_DIR_PATH}/Podfile.lock\" \"${PODS_ROOT}/Manifest.lock\" > /dev/null\nif [ $? != 0 ] ; then\n    # print error to STDERR\n    echo \"error: The sandbox is not in sync with the Podfile.lock. Run 'pod install' or update your CocoaPods installation.\" >&2\n    exit 1\nfi\n# This output is used by Xcode 'outputs' to avoid re-running this script phase.\necho \"SUCCESS\" > \"${SCRIPT_OUTPUT_FILE_0}\"\n";
			showEnvVarsInLog = 0;
		};
		0DB1E12A614EC41A925F52A3 /* [CP] Embed Pods Frameworks */ = {
			isa = PBXShellScriptBuildPhase;
			buildActionMask = 2147483647;
			files = (
			);
			inputPaths = (
			);
			name = "[CP] Embed Pods Frameworks";
			outputPaths = (
			);
			runOnlyForDeploymentPostprocessing = 0;
			shellPath = /bin/sh;
			shellScript = "\"${SRCROOT}/Pods/Target Support Files/Pods-flix_cloneTests/Pods-flix_cloneTests-frameworks.sh\"\n";
			showEnvVarsInLog = 0;
		};
		15B33A98DB82169F1297E7FB /* [CP] Embed Pods Frameworks */ = {
			isa = PBXShellScriptBuildPhase;
			buildActionMask = 2147483647;
			files = (
			);
			inputPaths = (
				"${SRCROOT}/Pods/Target Support Files/Pods-flix_clone/Pods-flix_clone-frameworks.sh",
				"${BUILT_PRODUCTS_DIR}/Alamofire/Alamofire.framework",
				"${BUILT_PRODUCTS_DIR}/AlamofireImage/AlamofireImage.framework",
			);
			name = "[CP] Embed Pods Frameworks";
			outputPaths = (
				"${TARGET_BUILD_DIR}/${FRAMEWORKS_FOLDER_PATH}/Alamofire.framework",
				"${TARGET_BUILD_DIR}/${FRAMEWORKS_FOLDER_PATH}/AlamofireImage.framework",
			);
			runOnlyForDeploymentPostprocessing = 0;
			shellPath = /bin/sh;
			shellScript = "\"${SRCROOT}/Pods/Target Support Files/Pods-flix_clone/Pods-flix_clone-frameworks.sh\"\n";
			showEnvVarsInLog = 0;
		};
		1EE4209A51170E245E20568A /* [CP] Copy Pods Resources */ = {
			isa = PBXShellScriptBuildPhase;
			buildActionMask = 2147483647;
			files = (
			);
			inputPaths = (
			);
			name = "[CP] Copy Pods Resources";
			outputPaths = (
			);
			runOnlyForDeploymentPostprocessing = 0;
			shellPath = /bin/sh;
			shellScript = "\"${SRCROOT}/Pods/Target Support Files/Pods-flix_cloneUITests/Pods-flix_cloneUITests-resources.sh\"\n";
			showEnvVarsInLog = 0;
		};
		21D1752E401827B82040406A /* [CP] Check Pods Manifest.lock */ = {
			isa = PBXShellScriptBuildPhase;
			buildActionMask = 2147483647;
			files = (
			);
			inputPaths = (
				"${PODS_PODFILE_DIR_PATH}/Podfile.lock",
				"${PODS_ROOT}/Manifest.lock",
			);
			name = "[CP] Check Pods Manifest.lock";
			outputPaths = (
				"$(DERIVED_FILE_DIR)/Pods-flix_clone-checkManifestLockResult.txt",
			);
			runOnlyForDeploymentPostprocessing = 0;
			shellPath = /bin/sh;
			shellScript = "diff \"${PODS_PODFILE_DIR_PATH}/Podfile.lock\" \"${PODS_ROOT}/Manifest.lock\" > /dev/null\nif [ $? != 0 ] ; then\n    # print error to STDERR\n    echo \"error: The sandbox is not in sync with the Podfile.lock. Run 'pod install' or update your CocoaPods installation.\" >&2\n    exit 1\nfi\n# This output is used by Xcode 'outputs' to avoid re-running this script phase.\necho \"SUCCESS\" > \"${SCRIPT_OUTPUT_FILE_0}\"\n";
			showEnvVarsInLog = 0;
		};
		244BF8D02C00641461BF742F /* [CP] Embed Pods Frameworks */ = {
			isa = PBXShellScriptBuildPhase;
			buildActionMask = 2147483647;
			files = (
			);
			inputPaths = (
			);
			name = "[CP] Embed Pods Frameworks";
			outputPaths = (
			);
			runOnlyForDeploymentPostprocessing = 0;
			shellPath = /bin/sh;
			shellScript = "\"${SRCROOT}/Pods/Target Support Files/Pods-flix_cloneUITests/Pods-flix_cloneUITests-frameworks.sh\"\n";
			showEnvVarsInLog = 0;
		};
		691F85159E8D899DACC7EFB6 /* [CP] Copy Pods Resources */ = {
			isa = PBXShellScriptBuildPhase;
			buildActionMask = 2147483647;
			files = (
			);
			inputPaths = (
			);
			name = "[CP] Copy Pods Resources";
			outputPaths = (
			);
			runOnlyForDeploymentPostprocessing = 0;
			shellPath = /bin/sh;
			shellScript = "\"${SRCROOT}/Pods/Target Support Files/Pods-flix_cloneTests/Pods-flix_cloneTests-resources.sh\"\n";
			showEnvVarsInLog = 0;
		};
		D84F9FED23B935F1F1F501DF /* [CP] Check Pods Manifest.lock */ = {
			isa = PBXShellScriptBuildPhase;
			buildActionMask = 2147483647;
			files = (
			);
			inputPaths = (
				"${PODS_PODFILE_DIR_PATH}/Podfile.lock",
				"${PODS_ROOT}/Manifest.lock",
			);
			name = "[CP] Check Pods Manifest.lock";
			outputPaths = (
				"$(DERIVED_FILE_DIR)/Pods-flix_cloneTests-checkManifestLockResult.txt",
			);
			runOnlyForDeploymentPostprocessing = 0;
			shellPath = /bin/sh;
			shellScript = "diff \"${PODS_PODFILE_DIR_PATH}/Podfile.lock\" \"${PODS_ROOT}/Manifest.lock\" > /dev/null\nif [ $? != 0 ] ; then\n    # print error to STDERR\n    echo \"error: The sandbox is not in sync with the Podfile.lock. Run 'pod install' or update your CocoaPods installation.\" >&2\n    exit 1\nfi\n# This output is used by Xcode 'outputs' to avoid re-running this script phase.\necho \"SUCCESS\" > \"${SCRIPT_OUTPUT_FILE_0}\"\n";
			showEnvVarsInLog = 0;
		};
		FB79F1A1FF8D38A9C8FEC3DB /* [CP] Copy Pods Resources */ = {
			isa = PBXShellScriptBuildPhase;
			buildActionMask = 2147483647;
			files = (
			);
			inputPaths = (
			);
			name = "[CP] Copy Pods Resources";
			outputPaths = (
			);
			runOnlyForDeploymentPostprocessing = 0;
			shellPath = /bin/sh;
			shellScript = "\"${SRCROOT}/Pods/Target Support Files/Pods-flix_clone/Pods-flix_clone-resources.sh\"\n";
			showEnvVarsInLog = 0;
		};
/* End PBXShellScriptBuildPhase section */

/* Begin PBXSourcesBuildPhase section */
		70642E762021B2310089CEE4 /* Sources */ = {
			isa = PBXSourcesBuildPhase;
			buildActionMask = 2147483647;
			files = (
				7045D42C20235040003EC54D /* NowPlayingViewController.swift in Sources */,
				70642E7E2021B2310089CEE4 /* AppDelegate.swift in Sources */,
				709C83B02028D3FC00A10F51 /* MovieCell.swift in Sources */,
			);
			runOnlyForDeploymentPostprocessing = 0;
		};
		70642E8A2021B2320089CEE4 /* Sources */ = {
			isa = PBXSourcesBuildPhase;
			buildActionMask = 2147483647;
			files = (
				70642E932021B2320089CEE4 /* flix_cloneTests.swift in Sources */,
			);
			runOnlyForDeploymentPostprocessing = 0;
		};
		70642E952021B2320089CEE4 /* Sources */ = {
			isa = PBXSourcesBuildPhase;
			buildActionMask = 2147483647;
			files = (
				70642E9E2021B2320089CEE4 /* flix_cloneUITests.swift in Sources */,
			);
			runOnlyForDeploymentPostprocessing = 0;
		};
/* End PBXSourcesBuildPhase section */

/* Begin PBXTargetDependency section */
		70642E902021B2320089CEE4 /* PBXTargetDependency */ = {
			isa = PBXTargetDependency;
			target = 70642E792021B2310089CEE4 /* flix_clone */;
			targetProxy = 70642E8F2021B2320089CEE4 /* PBXContainerItemProxy */;
		};
		70642E9B2021B2320089CEE4 /* PBXTargetDependency */ = {
			isa = PBXTargetDependency;
			target = 70642E792021B2310089CEE4 /* flix_clone */;
			targetProxy = 70642E9A2021B2320089CEE4 /* PBXContainerItemProxy */;
		};
/* End PBXTargetDependency section */

/* Begin PBXVariantGroup section */
		70642E812021B2310089CEE4 /* Main.storyboard */ = {
			isa = PBXVariantGroup;
			children = (
				70642E822021B2310089CEE4 /* Base */,
			);
			name = Main.storyboard;
			sourceTree = "<group>";
		};
		70642E862021B2310089CEE4 /* LaunchScreen.storyboard */ = {
			isa = PBXVariantGroup;
			children = (
				70642E872021B2310089CEE4 /* Base */,
			);
			name = LaunchScreen.storyboard;
			sourceTree = "<group>";
		};
/* End PBXVariantGroup section */

/* Begin XCBuildConfiguration section */
		70642EA02021B2330089CEE4 /* Debug */ = {
			isa = XCBuildConfiguration;
			buildSettings = {
				ALWAYS_SEARCH_USER_PATHS = NO;
				CLANG_ANALYZER_NONNULL = YES;
				CLANG_ANALYZER_NUMBER_OBJECT_CONVERSION = YES_AGGRESSIVE;
				CLANG_CXX_LANGUAGE_STANDARD = "gnu++14";
				CLANG_CXX_LIBRARY = "libc++";
				CLANG_ENABLE_MODULES = YES;
				CLANG_ENABLE_OBJC_ARC = YES;
				CLANG_WARN_BLOCK_CAPTURE_AUTORELEASING = YES;
				CLANG_WARN_BOOL_CONVERSION = YES;
				CLANG_WARN_COMMA = YES;
				CLANG_WARN_CONSTANT_CONVERSION = YES;
				CLANG_WARN_DIRECT_OBJC_ISA_USAGE = YES_ERROR;
				CLANG_WARN_DOCUMENTATION_COMMENTS = YES;
				CLANG_WARN_EMPTY_BODY = YES;
				CLANG_WARN_ENUM_CONVERSION = YES;
				CLANG_WARN_INFINITE_RECURSION = YES;
				CLANG_WARN_INT_CONVERSION = YES;
				CLANG_WARN_NON_LITERAL_NULL_CONVERSION = YES;
				CLANG_WARN_OBJC_LITERAL_CONVERSION = YES;
				CLANG_WARN_OBJC_ROOT_CLASS = YES_ERROR;
				CLANG_WARN_RANGE_LOOP_ANALYSIS = YES;
				CLANG_WARN_STRICT_PROTOTYPES = YES;
				CLANG_WARN_SUSPICIOUS_MOVE = YES;
				CLANG_WARN_UNGUARDED_AVAILABILITY = YES_AGGRESSIVE;
				CLANG_WARN_UNREACHABLE_CODE = YES;
				CLANG_WARN__DUPLICATE_METHOD_MATCH = YES;
				CODE_SIGN_IDENTITY = "iPhone Developer";
				COPY_PHASE_STRIP = NO;
				DEBUG_INFORMATION_FORMAT = dwarf;
				ENABLE_STRICT_OBJC_MSGSEND = YES;
				ENABLE_TESTABILITY = YES;
				GCC_C_LANGUAGE_STANDARD = gnu11;
				GCC_DYNAMIC_NO_PIC = NO;
				GCC_NO_COMMON_BLOCKS = YES;
				GCC_OPTIMIZATION_LEVEL = 0;
				GCC_PREPROCESSOR_DEFINITIONS = (
					"DEBUG=1",
					"$(inherited)",
				);
				GCC_WARN_64_TO_32_BIT_CONVERSION = YES;
				GCC_WARN_ABOUT_RETURN_TYPE = YES_ERROR;
				GCC_WARN_UNDECLARED_SELECTOR = YES;
				GCC_WARN_UNINITIALIZED_AUTOS = YES_AGGRESSIVE;
				GCC_WARN_UNUSED_FUNCTION = YES;
				GCC_WARN_UNUSED_VARIABLE = YES;
				IPHONEOS_DEPLOYMENT_TARGET = 11.2;
				MTL_ENABLE_DEBUG_INFO = YES;
				ONLY_ACTIVE_ARCH = YES;
				SDKROOT = iphoneos;
				SWIFT_ACTIVE_COMPILATION_CONDITIONS = DEBUG;
				SWIFT_OPTIMIZATION_LEVEL = "-Onone";
			};
			name = Debug;
		};
		70642EA12021B2330089CEE4 /* Release */ = {
			isa = XCBuildConfiguration;
			buildSettings = {
				ALWAYS_SEARCH_USER_PATHS = NO;
				CLANG_ANALYZER_NONNULL = YES;
				CLANG_ANALYZER_NUMBER_OBJECT_CONVERSION = YES_AGGRESSIVE;
				CLANG_CXX_LANGUAGE_STANDARD = "gnu++14";
				CLANG_CXX_LIBRARY = "libc++";
				CLANG_ENABLE_MODULES = YES;
				CLANG_ENABLE_OBJC_ARC = YES;
				CLANG_WARN_BLOCK_CAPTURE_AUTORELEASING = YES;
				CLANG_WARN_BOOL_CONVERSION = YES;
				CLANG_WARN_COMMA = YES;
				CLANG_WARN_CONSTANT_CONVERSION = YES;
				CLANG_WARN_DIRECT_OBJC_ISA_USAGE = YES_ERROR;
				CLANG_WARN_DOCUMENTATION_COMMENTS = YES;
				CLANG_WARN_EMPTY_BODY = YES;
				CLANG_WARN_ENUM_CONVERSION = YES;
				CLANG_WARN_INFINITE_RECURSION = YES;
				CLANG_WARN_INT_CONVERSION = YES;
				CLANG_WARN_NON_LITERAL_NULL_CONVERSION = YES;
				CLANG_WARN_OBJC_LITERAL_CONVERSION = YES;
				CLANG_WARN_OBJC_ROOT_CLASS = YES_ERROR;
				CLANG_WARN_RANGE_LOOP_ANALYSIS = YES;
				CLANG_WARN_STRICT_PROTOTYPES = YES;
				CLANG_WARN_SUSPICIOUS_MOVE = YES;
				CLANG_WARN_UNGUARDED_AVAILABILITY = YES_AGGRESSIVE;
				CLANG_WARN_UNREACHABLE_CODE = YES;
				CLANG_WARN__DUPLICATE_METHOD_MATCH = YES;
				CODE_SIGN_IDENTITY = "iPhone Developer";
				COPY_PHASE_STRIP = NO;
				DEBUG_INFORMATION_FORMAT = "dwarf-with-dsym";
				ENABLE_NS_ASSERTIONS = NO;
				ENABLE_STRICT_OBJC_MSGSEND = YES;
				GCC_C_LANGUAGE_STANDARD = gnu11;
				GCC_NO_COMMON_BLOCKS = YES;
				GCC_WARN_64_TO_32_BIT_CONVERSION = YES;
				GCC_WARN_ABOUT_RETURN_TYPE = YES_ERROR;
				GCC_WARN_UNDECLARED_SELECTOR = YES;
				GCC_WARN_UNINITIALIZED_AUTOS = YES_AGGRESSIVE;
				GCC_WARN_UNUSED_FUNCTION = YES;
				GCC_WARN_UNUSED_VARIABLE = YES;
				IPHONEOS_DEPLOYMENT_TARGET = 11.2;
				MTL_ENABLE_DEBUG_INFO = NO;
				SDKROOT = iphoneos;
				SWIFT_OPTIMIZATION_LEVEL = "-Owholemodule";
				VALIDATE_PRODUCT = YES;
			};
			name = Release;
		};
		70642EA32021B2330089CEE4 /* Debug */ = {
			isa = XCBuildConfiguration;
			baseConfigurationReference = 891A42BD9A20C336C266E1A7 /* Pods-flix_clone.debug.xcconfig */;
			buildSettings = {
				ASSETCATALOG_COMPILER_APPICON_NAME = AppIcon;
				CODE_SIGN_STYLE = Automatic;
				INFOPLIST_FILE = flix_clone/Info.plist;
				LD_RUNPATH_SEARCH_PATHS = "$(inherited) @executable_path/Frameworks";
				PRODUCT_BUNDLE_IDENTIFIER = "Guanxin.flix-clone";
				PRODUCT_NAME = "$(TARGET_NAME)";
				SWIFT_VERSION = 4.0;
				TARGETED_DEVICE_FAMILY = "1,2";
			};
			name = Debug;
		};
		70642EA42021B2330089CEE4 /* Release */ = {
			isa = XCBuildConfiguration;
			baseConfigurationReference = D86D8B21094A3C708EF0E186 /* Pods-flix_clone.release.xcconfig */;
			buildSettings = {
				ASSETCATALOG_COMPILER_APPICON_NAME = AppIcon;
				CODE_SIGN_STYLE = Automatic;
				INFOPLIST_FILE = flix_clone/Info.plist;
				LD_RUNPATH_SEARCH_PATHS = "$(inherited) @executable_path/Frameworks";
				PRODUCT_BUNDLE_IDENTIFIER = "Guanxin.flix-clone";
				PRODUCT_NAME = "$(TARGET_NAME)";
				SWIFT_VERSION = 4.0;
				TARGETED_DEVICE_FAMILY = "1,2";
			};
			name = Release;
		};
		70642EA62021B2330089CEE4 /* Debug */ = {
			isa = XCBuildConfiguration;
			baseConfigurationReference = C1517415E7541664477C8B78 /* Pods-flix_cloneTests.debug.xcconfig */;
			buildSettings = {
				ALWAYS_EMBED_SWIFT_STANDARD_LIBRARIES = YES;
				BUNDLE_LOADER = "$(TEST_HOST)";
				CODE_SIGN_STYLE = Automatic;
				INFOPLIST_FILE = flix_cloneTests/Info.plist;
				LD_RUNPATH_SEARCH_PATHS = "$(inherited) @executable_path/Frameworks @loader_path/Frameworks";
				PRODUCT_BUNDLE_IDENTIFIER = "Guanxin.flix-cloneTests";
				PRODUCT_NAME = "$(TARGET_NAME)";
				SWIFT_VERSION = 4.0;
				TARGETED_DEVICE_FAMILY = "1,2";
				TEST_HOST = "$(BUILT_PRODUCTS_DIR)/flix_clone.app/flix_clone";
			};
			name = Debug;
		};
		70642EA72021B2330089CEE4 /* Release */ = {
			isa = XCBuildConfiguration;
			baseConfigurationReference = C00A53A74EAA90256909BC62 /* Pods-flix_cloneTests.release.xcconfig */;
			buildSettings = {
				ALWAYS_EMBED_SWIFT_STANDARD_LIBRARIES = YES;
				BUNDLE_LOADER = "$(TEST_HOST)";
				CODE_SIGN_STYLE = Automatic;
				INFOPLIST_FILE = flix_cloneTests/Info.plist;
				LD_RUNPATH_SEARCH_PATHS = "$(inherited) @executable_path/Frameworks @loader_path/Frameworks";
				PRODUCT_BUNDLE_IDENTIFIER = "Guanxin.flix-cloneTests";
				PRODUCT_NAME = "$(TARGET_NAME)";
				SWIFT_VERSION = 4.0;
				TARGETED_DEVICE_FAMILY = "1,2";
				TEST_HOST = "$(BUILT_PRODUCTS_DIR)/flix_clone.app/flix_clone";
			};
			name = Release;
		};
		70642EA92021B2330089CEE4 /* Debug */ = {
			isa = XCBuildConfiguration;
			baseConfigurationReference = 9B13228307A683DA1938D48A /* Pods-flix_cloneUITests.debug.xcconfig */;
			buildSettings = {
				ALWAYS_EMBED_SWIFT_STANDARD_LIBRARIES = YES;
				CODE_SIGN_STYLE = Automatic;
				INFOPLIST_FILE = flix_cloneUITests/Info.plist;
				LD_RUNPATH_SEARCH_PATHS = "$(inherited) @executable_path/Frameworks @loader_path/Frameworks";
				PRODUCT_BUNDLE_IDENTIFIER = "Guanxin.flix-cloneUITests";
				PRODUCT_NAME = "$(TARGET_NAME)";
				SWIFT_VERSION = 4.0;
				TARGETED_DEVICE_FAMILY = "1,2";
				TEST_TARGET_NAME = flix_clone;
			};
			name = Debug;
		};
		70642EAA2021B2330089CEE4 /* Release */ = {
			isa = XCBuildConfiguration;
			baseConfigurationReference = D728438971B66ED63932BB65 /* Pods-flix_cloneUITests.release.xcconfig */;
			buildSettings = {
				ALWAYS_EMBED_SWIFT_STANDARD_LIBRARIES = YES;
				CODE_SIGN_STYLE = Automatic;
				INFOPLIST_FILE = flix_cloneUITests/Info.plist;
				LD_RUNPATH_SEARCH_PATHS = "$(inherited) @executable_path/Frameworks @loader_path/Frameworks";
				PRODUCT_BUNDLE_IDENTIFIER = "Guanxin.flix-cloneUITests";
				PRODUCT_NAME = "$(TARGET_NAME)";
				SWIFT_VERSION = 4.0;
				TARGETED_DEVICE_FAMILY = "1,2";
				TEST_TARGET_NAME = flix_clone;
			};
			name = Release;
		};
/* End XCBuildConfiguration section */

/* Begin XCConfigurationList section */
		70642E752021B2310089CEE4 /* Build configuration list for PBXProject "flix_clone" */ = {
			isa = XCConfigurationList;
			buildConfigurations = (
				70642EA02021B2330089CEE4 /* Debug */,
				70642EA12021B2330089CEE4 /* Release */,
			);
			defaultConfigurationIsVisible = 0;
			defaultConfigurationName = Release;
		};
		70642EA22021B2330089CEE4 /* Build configuration list for PBXNativeTarget "flix_clone" */ = {
			isa = XCConfigurationList;
			buildConfigurations = (
				70642EA32021B2330089CEE4 /* Debug */,
				70642EA42021B2330089CEE4 /* Release */,
			);
			defaultConfigurationIsVisible = 0;
			defaultConfigurationName = Release;
		};
		70642EA52021B2330089CEE4 /* Build configuration list for PBXNativeTarget "flix_cloneTests" */ = {
			isa = XCConfigurationList;
			buildConfigurations = (
				70642EA62021B2330089CEE4 /* Debug */,
				70642EA72021B2330089CEE4 /* Release */,
			);
			defaultConfigurationIsVisible = 0;
			defaultConfigurationName = Release;
		};
		70642EA82021B2330089CEE4 /* Build configuration list for PBXNativeTarget "flix_cloneUITests" */ = {
			isa = XCConfigurationList;
			buildConfigurations = (
				70642EA92021B2330089CEE4 /* Debug */,
				70642EAA2021B2330089CEE4 /* Release */,
			);
			defaultConfigurationIsVisible = 0;
			defaultConfigurationName = Release;
		};
/* End XCConfigurationList section */
	};
	rootObject = 70642E722021B2310089CEE4 /* Project object */;
}
